// !$*UTF8*$!
{
	archiveVersion = 1;
	classes = {
	};
	objectVersion = 56;
	objects = {

/* Begin PBXBuildFile section */
		F0289D292C53D85B001B19CD /* JmUserDefaults.swift in Sources */ = {isa = PBXBuildFile; fileRef = F0289D282C53D85B001B19CD /* JmUserDefaults.swift */; };
		F0289D2B2C53D863001B19CD /* HelpBasicView.swift in Sources */ = {isa = PBXBuildFile; fileRef = F0289D2A2C53D863001B19CD /* HelpBasicView.swift */; };
		F0289D2F2C53D933001B19CD /* HelpBasic.html in Resources */ = {isa = PBXBuildFile; fileRef = F0289D2D2C53D933001B19CD /* HelpBasic.html */; };
		F0289D302C53D933001B19CD /* HelpBasic.md in Resources */ = {isa = PBXBuildFile; fileRef = F0289D2E2C53D933001B19CD /* HelpBasic.md */; };
		F0289D332C53D98D001B19CD /* HelpBasicMode.swift in Sources */ = {isa = PBXBuildFile; fileRef = F0289D312C53D98D001B19CD /* HelpBasicMode.swift */; };
		F0289D342C53D98D001B19CD /* HelpBasicLoader.swift in Sources */ = {isa = PBXBuildFile; fileRef = F0289D322C53D98D001B19CD /* HelpBasicLoader.swift */; };
		F028C5B12C48610A007C459E /* JustAXCGLoggerWithLogonTest2App.swift in Sources */ = {isa = PBXBuildFile; fileRef = F028C5B02C48610A007C459E /* JustAXCGLoggerWithLogonTest2App.swift */; };
		F028C5B32C48610A007C459E /* ContentView.swift in Sources */ = {isa = PBXBuildFile; fileRef = F028C5B22C48610A007C459E /* ContentView.swift */; };
		F028C5B52C48610B007C459E /* Assets.xcassets in Resources */ = {isa = PBXBuildFile; fileRef = F028C5B42C48610B007C459E /* Assets.xcassets */; };
		F028C5B82C48610B007C459E /* Preview Assets.xcassets in Resources */ = {isa = PBXBuildFile; fileRef = F028C5B72C48610B007C459E /* Preview Assets.xcassets */; };
		F03240302C49672900ED9508 /* JustAXCGLoggerWithLogonTest2AppDelegate.swift in Sources */ = {isa = PBXBuildFile; fileRef = F032402F2C49672900ED9508 /* JustAXCGLoggerWithLogonTest2AppDelegate.swift */; };
		F0981DB42C52C5AE0054CE7C /* JustAXCGLoggerWithLogonTest2AppGlobalInfo.swift in Sources */ = {isa = PBXBuildFile; fileRef = F0981DB32C52C5AD0054CE7C /* JustAXCGLoggerWithLogonTest2AppGlobalInfo.swift */; };
		F0A443392C498ED6005EEE81 /* (null) in Frameworks */ = {isa = PBXBuildFile; };
		F0C6A8FF2C4AA2A40004606A /* ObjcExceptionBridging in Frameworks */ = {isa = PBXBuildFile; productRef = F0C6A8FE2C4AA2A40004606A /* ObjcExceptionBridging */; };
		F0C6A9012C4AA2A40004606A /* XCGLogger in Frameworks */ = {isa = PBXBuildFile; productRef = F0C6A9002C4AA2A40004606A /* XCGLogger */; };
		F0D17B892C52E414000E5A52 /* JmFileIO.swift in Sources */ = {isa = PBXBuildFile; fileRef = F0D17B872C52E414000E5A52 /* JmFileIO.swift */; };
		F0D17B8A2C52E414000E5A52 /* JmStringExtensions.swift in Sources */ = {isa = PBXBuildFile; fileRef = F0D17B882C52E414000E5A52 /* JmStringExtensions.swift */; };
		F0D17B8D2C52E572000E5A52 /* AppInfoCommands.swift in Sources */ = {isa = PBXBuildFile; fileRef = F0D17B8C2C52E572000E5A52 /* AppInfoCommands.swift */; };
		F0D17B8F2C52E942000E5A52 /* HelpCommands.swift in Sources */ = {isa = PBXBuildFile; fileRef = F0D17B8E2C52E942000E5A52 /* HelpCommands.swift */; };
		F0D17B922C52E951000E5A52 /* SettingsSingleView.swift in Sources */ = {isa = PBXBuildFile; fileRef = F0D17B902C52E951000E5A52 /* SettingsSingleView.swift */; };
		F0D17B932C52E951000E5A52 /* LogFileView.swift in Sources */ = {isa = PBXBuildFile; fileRef = F0D17B912C52E951000E5A52 /* LogFileView.swift */; };
/* End PBXBuildFile section */

/* Begin PBXFileReference section */
		F0289D282C53D85B001B19CD /* JmUserDefaults.swift */ = {isa = PBXFileReference; fileEncoding = 4; lastKnownFileType = sourcecode.swift; path = JmUserDefaults.swift; sourceTree = "<group>"; };
		F0289D2A2C53D863001B19CD /* HelpBasicView.swift */ = {isa = PBXFileReference; fileEncoding = 4; lastKnownFileType = sourcecode.swift; path = HelpBasicView.swift; sourceTree = "<group>"; };
		F0289D2D2C53D933001B19CD /* HelpBasic.html */ = {isa = PBXFileReference; fileEncoding = 4; lastKnownFileType = text.html; path = HelpBasic.html; sourceTree = "<group>"; };
		F0289D2E2C53D933001B19CD /* HelpBasic.md */ = {isa = PBXFileReference; fileEncoding = 4; lastKnownFileType = net.daringfireball.markdown; path = HelpBasic.md; sourceTree = "<group>"; };
		F0289D312C53D98D001B19CD /* HelpBasicMode.swift */ = {isa = PBXFileReference; fileEncoding = 4; lastKnownFileType = sourcecode.swift; path = HelpBasicMode.swift; sourceTree = "<group>"; };
		F0289D322C53D98D001B19CD /* HelpBasicLoader.swift */ = {isa = PBXFileReference; fileEncoding = 4; lastKnownFileType = sourcecode.swift; path = HelpBasicLoader.swift; sourceTree = "<group>"; };
		F028C5AD2C48610A007C459E /* JustAXCGLoggerWithLogonTest2.app */ = {isa = PBXFileReference; explicitFileType = wrapper.application; includeInIndex = 0; path = JustAXCGLoggerWithLogonTest2.app; sourceTree = BUILT_PRODUCTS_DIR; };
		F028C5B02C48610A007C459E /* JustAXCGLoggerWithLogonTest2App.swift */ = {isa = PBXFileReference; lastKnownFileType = sourcecode.swift; path = JustAXCGLoggerWithLogonTest2App.swift; sourceTree = "<group>"; };
		F028C5B22C48610A007C459E /* ContentView.swift */ = {isa = PBXFileReference; lastKnownFileType = sourcecode.swift; path = ContentView.swift; sourceTree = "<group>"; };
		F028C5B42C48610B007C459E /* Assets.xcassets */ = {isa = PBXFileReference; lastKnownFileType = folder.assetcatalog; path = Assets.xcassets; sourceTree = "<group>"; };
		F028C5B72C48610B007C459E /* Preview Assets.xcassets */ = {isa = PBXFileReference; lastKnownFileType = folder.assetcatalog; path = "Preview Assets.xcassets"; sourceTree = "<group>"; };
		F028C5B92C48610B007C459E /* JustAXCGLoggerWithLogonTest2.entitlements */ = {isa = PBXFileReference; lastKnownFileType = text.plist.entitlements; path = JustAXCGLoggerWithLogonTest2.entitlements; sourceTree = "<group>"; };
		F032402F2C49672900ED9508 /* JustAXCGLoggerWithLogonTest2AppDelegate.swift */ = {isa = PBXFileReference; fileEncoding = 4; lastKnownFileType = sourcecode.swift; path = JustAXCGLoggerWithLogonTest2AppDelegate.swift; sourceTree = "<group>"; };
		F0981DB32C52C5AD0054CE7C /* JustAXCGLoggerWithLogonTest2AppGlobalInfo.swift */ = {isa = PBXFileReference; fileEncoding = 4; lastKnownFileType = sourcecode.swift; path = JustAXCGLoggerWithLogonTest2AppGlobalInfo.swift; sourceTree = "<group>"; };
		F0D17B872C52E414000E5A52 /* JmFileIO.swift */ = {isa = PBXFileReference; fileEncoding = 4; lastKnownFileType = sourcecode.swift; path = JmFileIO.swift; sourceTree = "<group>"; };
		F0D17B882C52E414000E5A52 /* JmStringExtensions.swift */ = {isa = PBXFileReference; fileEncoding = 4; lastKnownFileType = sourcecode.swift; path = JmStringExtensions.swift; sourceTree = "<group>"; };
		F0D17B8C2C52E572000E5A52 /* AppInfoCommands.swift */ = {isa = PBXFileReference; fileEncoding = 4; lastKnownFileType = sourcecode.swift; path = AppInfoCommands.swift; sourceTree = "<group>"; };
		F0D17B8E2C52E942000E5A52 /* HelpCommands.swift */ = {isa = PBXFileReference; fileEncoding = 4; lastKnownFileType = sourcecode.swift; path = HelpCommands.swift; sourceTree = "<group>"; };
		F0D17B902C52E951000E5A52 /* SettingsSingleView.swift */ = {isa = PBXFileReference; fileEncoding = 4; lastKnownFileType = sourcecode.swift; path = SettingsSingleView.swift; sourceTree = "<group>"; };
		F0D17B912C52E951000E5A52 /* LogFileView.swift */ = {isa = PBXFileReference; fileEncoding = 4; lastKnownFileType = sourcecode.swift; path = LogFileView.swift; sourceTree = "<group>"; };
/* End PBXFileReference section */

/* Begin PBXFrameworksBuildPhase section */
		F028C5AA2C48610A007C459E /* Frameworks */ = {
			isa = PBXFrameworksBuildPhase;
			buildActionMask = 2147483647;
			files = (
				F0C6A8FF2C4AA2A40004606A /* ObjcExceptionBridging in Frameworks */,
				F0A443392C498ED6005EEE81 /* (null) in Frameworks */,
				F0C6A9012C4AA2A40004606A /* XCGLogger in Frameworks */,
			);
			runOnlyForDeploymentPostprocessing = 0;
		};
/* End PBXFrameworksBuildPhase section */

/* Begin PBXGroup section */
		F0289D272C53D84A001B19CD /* Resources */ = {
			isa = PBXGroup;
			children = (
				F0289D2D2C53D933001B19CD /* HelpBasic.html */,
				F0289D2E2C53D933001B19CD /* HelpBasic.md */,
			);
			path = Resources;
			sourceTree = "<group>";
		};
		F0289D2C2C53D920001B19CD /* Models */ = {
			isa = PBXGroup;
			children = (
				F0289D322C53D98D001B19CD /* HelpBasicLoader.swift */,
				F0289D312C53D98D001B19CD /* HelpBasicMode.swift */,
			);
			path = Models;
			sourceTree = "<group>";
		};
		F028C5A42C486109007C459E = {
			isa = PBXGroup;
			children = (
				F028C5AF2C48610A007C459E /* JustAXCGLoggerWithLogonTest2 */,
				F028C5AE2C48610A007C459E /* Products */,
			);
			sourceTree = "<group>";
		};
		F028C5AE2C48610A007C459E /* Products */ = {
			isa = PBXGroup;
			children = (
				F028C5AD2C48610A007C459E /* JustAXCGLoggerWithLogonTest2.app */,
			);
			name = Products;
			sourceTree = "<group>";
		};
		F028C5AF2C48610A007C459E /* JustAXCGLoggerWithLogonTest2 */ = {
			isa = PBXGroup;
			children = (
				F0981DB32C52C5AD0054CE7C /* JustAXCGLoggerWithLogonTest2AppGlobalInfo.swift */,
				F028C5B02C48610A007C459E /* JustAXCGLoggerWithLogonTest2App.swift */,
				F032402F2C49672900ED9508 /* JustAXCGLoggerWithLogonTest2AppDelegate.swift */,
				F0D17B8B2C52E4BD000E5A52 /* Commands */,
				F0D17B862C52E3D5000E5A52 /* JmUtils */,
				F0289D2C2C53D920001B19CD /* Models */,
				F0289D272C53D84A001B19CD /* Resources */,
				F028C5BF2C486134007C459E /* Views */,
				F028C5B42C48610B007C459E /* Assets.xcassets */,
				F028C5B92C48610B007C459E /* JustAXCGLoggerWithLogonTest2.entitlements */,
				F028C5B62C48610B007C459E /* Preview Content */,
			);
			path = JustAXCGLoggerWithLogonTest2;
			sourceTree = "<group>";
		};
		F028C5B62C48610B007C459E /* Preview Content */ = {
			isa = PBXGroup;
			children = (
				F028C5B72C48610B007C459E /* Preview Assets.xcassets */,
			);
			path = "Preview Content";
			sourceTree = "<group>";
		};
		F028C5BF2C486134007C459E /* Views */ = {
			isa = PBXGroup;
			children = (
				F0289D2A2C53D863001B19CD /* HelpBasicView.swift */,
				F0D17B912C52E951000E5A52 /* LogFileView.swift */,
				F0D17B902C52E951000E5A52 /* SettingsSingleView.swift */,
				F028C5B22C48610A007C459E /* ContentView.swift */,
			);
			path = Views;
			sourceTree = "<group>";
		};
		F0D17B862C52E3D5000E5A52 /* JmUtils */ = {
			isa = PBXGroup;
			children = (
				F0289D282C53D85B001B19CD /* JmUserDefaults.swift */,
				F0D17B872C52E414000E5A52 /* JmFileIO.swift */,
				F0D17B882C52E414000E5A52 /* JmStringExtensions.swift */,
			);
			path = JmUtils;
			sourceTree = "<group>";
		};
		F0D17B8B2C52E4BD000E5A52 /* Commands */ = {
			isa = PBXGroup;
			children = (
				F0D17B8E2C52E942000E5A52 /* HelpCommands.swift */,
				F0D17B8C2C52E572000E5A52 /* AppInfoCommands.swift */,
			);
			path = Commands;
			sourceTree = "<group>";
		};
/* End PBXGroup section */

/* Begin PBXNativeTarget section */
		F028C5AC2C48610A007C459E /* JustAXCGLoggerWithLogonTest2 */ = {
			isa = PBXNativeTarget;
			buildConfigurationList = F028C5BC2C48610B007C459E /* Build configuration list for PBXNativeTarget "JustAXCGLoggerWithLogonTest2" */;
			buildPhases = (
				F028C5A92C48610A007C459E /* Sources */,
				F028C5AA2C48610A007C459E /* Frameworks */,
				F028C5AB2C48610A007C459E /* Resources */,
			);
			buildRules = (
			);
			dependencies = (
			);
			name = JustAXCGLoggerWithLogonTest2;
			packageProductDependencies = (
				F0C6A8FE2C4AA2A40004606A /* ObjcExceptionBridging */,
				F0C6A9002C4AA2A40004606A /* XCGLogger */,
			);
			productName = JustAXCGLoggerWithLogonTest2;
			productReference = F028C5AD2C48610A007C459E /* JustAXCGLoggerWithLogonTest2.app */;
			productType = "com.apple.product-type.application";
		};
/* End PBXNativeTarget section */

/* Begin PBXProject section */
		F028C5A52C486109007C459E /* Project object */ = {
			isa = PBXProject;
			attributes = {
				BuildIndependentTargetsInParallel = 1;
				LastSwiftUpdateCheck = 1540;
				LastUpgradeCheck = 1540;
				TargetAttributes = {
					F028C5AC2C48610A007C459E = {
						CreatedOnToolsVersion = 15.4;
					};
				};
			};
			buildConfigurationList = F028C5A82C486109007C459E /* Build configuration list for PBXProject "JustAXCGLoggerWithLogonTest2" */;
			compatibilityVersion = "Xcode 14.0";
			developmentRegion = en;
			hasScannedForEncodings = 0;
			knownRegions = (
				en,
				Base,
			);
			mainGroup = F028C5A42C486109007C459E;
			packageReferences = (
				F0C6A8FD2C4AA2A40004606A /* XCRemoteSwiftPackageReference "XCGLogger" */,
			);
			productRefGroup = F028C5AE2C48610A007C459E /* Products */;
			projectDirPath = "";
			projectRoot = "";
			targets = (
				F028C5AC2C48610A007C459E /* JustAXCGLoggerWithLogonTest2 */,
			);
		};
/* End PBXProject section */

/* Begin PBXResourcesBuildPhase section */
		F028C5AB2C48610A007C459E /* Resources */ = {
			isa = PBXResourcesBuildPhase;
			buildActionMask = 2147483647;
			files = (
				F028C5B82C48610B007C459E /* Preview Assets.xcassets in Resources */,
				F0289D2F2C53D933001B19CD /* HelpBasic.html in Resources */,
				F0289D302C53D933001B19CD /* HelpBasic.md in Resources */,
				F028C5B52C48610B007C459E /* Assets.xcassets in Resources */,
			);
			runOnlyForDeploymentPostprocessing = 0;
		};
/* End PBXResourcesBuildPhase section */

/* Begin PBXSourcesBuildPhase section */
		F028C5A92C48610A007C459E /* Sources */ = {
			isa = PBXSourcesBuildPhase;
			buildActionMask = 2147483647;
			files = (
				F0D17B8F2C52E942000E5A52 /* HelpCommands.swift in Sources */,
				F028C5B32C48610A007C459E /* ContentView.swift in Sources */,
				F0289D332C53D98D001B19CD /* HelpBasicMode.swift in Sources */,
				F0981DB42C52C5AE0054CE7C /* JustAXCGLoggerWithLogonTest2AppGlobalInfo.swift in Sources */,
				F0D17B932C52E951000E5A52 /* LogFileView.swift in Sources */,
				F0289D2B2C53D863001B19CD /* HelpBasicView.swift in Sources */,
				F0D17B922C52E951000E5A52 /* SettingsSingleView.swift in Sources */,
				F03240302C49672900ED9508 /* JustAXCGLoggerWithLogonTest2AppDelegate.swift in Sources */,
				F0D17B892C52E414000E5A52 /* JmFileIO.swift in Sources */,
				F0289D292C53D85B001B19CD /* JmUserDefaults.swift in Sources */,
				F0D17B8D2C52E572000E5A52 /* AppInfoCommands.swift in Sources */,
				F028C5B12C48610A007C459E /* JustAXCGLoggerWithLogonTest2App.swift in Sources */,
				F0289D342C53D98D001B19CD /* HelpBasicLoader.swift in Sources */,
				F0D17B8A2C52E414000E5A52 /* JmStringExtensions.swift in Sources */,
			);
			runOnlyForDeploymentPostprocessing = 0;
		};
/* End PBXSourcesBuildPhase section */

/* Begin XCBuildConfiguration section */
		F028C5BA2C48610B007C459E /* Debug */ = {
			isa = XCBuildConfiguration;
			buildSettings = {
				ALWAYS_SEARCH_USER_PATHS = NO;
				ASSETCATALOG_COMPILER_GENERATE_SWIFT_ASSET_SYMBOL_EXTENSIONS = YES;
				CLANG_ANALYZER_NONNULL = YES;
				CLANG_ANALYZER_NUMBER_OBJECT_CONVERSION = YES_AGGRESSIVE;
				CLANG_CXX_LANGUAGE_STANDARD = "gnu++20";
				CLANG_ENABLE_MODULES = YES;
				CLANG_ENABLE_OBJC_ARC = YES;
				CLANG_ENABLE_OBJC_WEAK = YES;
				CLANG_WARN_BLOCK_CAPTURE_AUTORELEASING = YES;
				CLANG_WARN_BOOL_CONVERSION = YES;
				CLANG_WARN_COMMA = YES;
				CLANG_WARN_CONSTANT_CONVERSION = YES;
				CLANG_WARN_DEPRECATED_OBJC_IMPLEMENTATIONS = YES;
				CLANG_WARN_DIRECT_OBJC_ISA_USAGE = YES_ERROR;
				CLANG_WARN_DOCUMENTATION_COMMENTS = YES;
				CLANG_WARN_EMPTY_BODY = YES;
				CLANG_WARN_ENUM_CONVERSION = YES;
				CLANG_WARN_INFINITE_RECURSION = YES;
				CLANG_WARN_INT_CONVERSION = YES;
				CLANG_WARN_NON_LITERAL_NULL_CONVERSION = YES;
				CLANG_WARN_OBJC_IMPLICIT_RETAIN_SELF = YES;
				CLANG_WARN_OBJC_LITERAL_CONVERSION = YES;
				CLANG_WARN_OBJC_ROOT_CLASS = YES_ERROR;
				CLANG_WARN_QUOTED_INCLUDE_IN_FRAMEWORK_HEADER = YES;
				CLANG_WARN_RANGE_LOOP_ANALYSIS = YES;
				CLANG_WARN_STRICT_PROTOTYPES = YES;
				CLANG_WARN_SUSPICIOUS_MOVE = YES;
				CLANG_WARN_UNGUARDED_AVAILABILITY = YES_AGGRESSIVE;
				CLANG_WARN_UNREACHABLE_CODE = YES;
				CLANG_WARN__DUPLICATE_METHOD_MATCH = YES;
				COPY_PHASE_STRIP = NO;
				DEBUG_INFORMATION_FORMAT = dwarf;
				ENABLE_STRICT_OBJC_MSGSEND = YES;
				ENABLE_TESTABILITY = YES;
				ENABLE_USER_SCRIPT_SANDBOXING = YES;
				GCC_C_LANGUAGE_STANDARD = gnu17;
				GCC_DYNAMIC_NO_PIC = NO;
				GCC_NO_COMMON_BLOCKS = YES;
				GCC_OPTIMIZATION_LEVEL = 0;
				GCC_PREPROCESSOR_DEFINITIONS = (
					"DEBUG=1",
					"$(inherited)",
				);
				GCC_WARN_64_TO_32_BIT_CONVERSION = YES;
				GCC_WARN_ABOUT_RETURN_TYPE = YES_ERROR;
				GCC_WARN_UNDECLARED_SELECTOR = YES;
				GCC_WARN_UNINITIALIZED_AUTOS = YES_AGGRESSIVE;
				GCC_WARN_UNUSED_FUNCTION = YES;
				GCC_WARN_UNUSED_VARIABLE = YES;
				LOCALIZATION_PREFERS_STRING_CATALOGS = YES;
				MACOSX_DEPLOYMENT_TARGET = 14.5;
				MTL_ENABLE_DEBUG_INFO = INCLUDE_SOURCE;
				MTL_FAST_MATH = YES;
				ONLY_ACTIVE_ARCH = YES;
				SDKROOT = macosx;
				SWIFT_ACTIVE_COMPILATION_CONDITIONS = "DEBUG $(inherited)";
				SWIFT_OPTIMIZATION_LEVEL = "-Onone";
			};
			name = Debug;
		};
		F028C5BB2C48610B007C459E /* Release */ = {
			isa = XCBuildConfiguration;
			buildSettings = {
				ALWAYS_SEARCH_USER_PATHS = NO;
				ASSETCATALOG_COMPILER_GENERATE_SWIFT_ASSET_SYMBOL_EXTENSIONS = YES;
				CLANG_ANALYZER_NONNULL = YES;
				CLANG_ANALYZER_NUMBER_OBJECT_CONVERSION = YES_AGGRESSIVE;
				CLANG_CXX_LANGUAGE_STANDARD = "gnu++20";
				CLANG_ENABLE_MODULES = YES;
				CLANG_ENABLE_OBJC_ARC = YES;
				CLANG_ENABLE_OBJC_WEAK = YES;
				CLANG_WARN_BLOCK_CAPTURE_AUTORELEASING = YES;
				CLANG_WARN_BOOL_CONVERSION = YES;
				CLANG_WARN_COMMA = YES;
				CLANG_WARN_CONSTANT_CONVERSION = YES;
				CLANG_WARN_DEPRECATED_OBJC_IMPLEMENTATIONS = YES;
				CLANG_WARN_DIRECT_OBJC_ISA_USAGE = YES_ERROR;
				CLANG_WARN_DOCUMENTATION_COMMENTS = YES;
				CLANG_WARN_EMPTY_BODY = YES;
				CLANG_WARN_ENUM_CONVERSION = YES;
				CLANG_WARN_INFINITE_RECURSION = YES;
				CLANG_WARN_INT_CONVERSION = YES;
				CLANG_WARN_NON_LITERAL_NULL_CONVERSION = YES;
				CLANG_WARN_OBJC_IMPLICIT_RETAIN_SELF = YES;
				CLANG_WARN_OBJC_LITERAL_CONVERSION = YES;
				CLANG_WARN_OBJC_ROOT_CLASS = YES_ERROR;
				CLANG_WARN_QUOTED_INCLUDE_IN_FRAMEWORK_HEADER = YES;
				CLANG_WARN_RANGE_LOOP_ANALYSIS = YES;
				CLANG_WARN_STRICT_PROTOTYPES = YES;
				CLANG_WARN_SUSPICIOUS_MOVE = YES;
				CLANG_WARN_UNGUARDED_AVAILABILITY = YES_AGGRESSIVE;
				CLANG_WARN_UNREACHABLE_CODE = YES;
				CLANG_WARN__DUPLICATE_METHOD_MATCH = YES;
				COPY_PHASE_STRIP = NO;
				DEBUG_INFORMATION_FORMAT = "dwarf-with-dsym";
				ENABLE_NS_ASSERTIONS = NO;
				ENABLE_STRICT_OBJC_MSGSEND = YES;
				ENABLE_USER_SCRIPT_SANDBOXING = YES;
				GCC_C_LANGUAGE_STANDARD = gnu17;
				GCC_NO_COMMON_BLOCKS = YES;
				GCC_WARN_64_TO_32_BIT_CONVERSION = YES;
				GCC_WARN_ABOUT_RETURN_TYPE = YES_ERROR;
				GCC_WARN_UNDECLARED_SELECTOR = YES;
				GCC_WARN_UNINITIALIZED_AUTOS = YES_AGGRESSIVE;
				GCC_WARN_UNUSED_FUNCTION = YES;
				GCC_WARN_UNUSED_VARIABLE = YES;
				LOCALIZATION_PREFERS_STRING_CATALOGS = YES;
				MACOSX_DEPLOYMENT_TARGET = 14.5;
				MTL_ENABLE_DEBUG_INFO = NO;
				MTL_FAST_MATH = YES;
				SDKROOT = macosx;
				SWIFT_COMPILATION_MODE = wholemodule;
			};
			name = Release;
		};
		F028C5BD2C48610B007C459E /* Debug */ = {
			isa = XCBuildConfiguration;
			buildSettings = {
				ASSETCATALOG_COMPILER_APPICON_NAME = AppIcon;
				ASSETCATALOG_COMPILER_GLOBAL_ACCENT_COLOR_NAME = AccentColor;
				CODE_SIGN_ENTITLEMENTS = JustAXCGLoggerWithLogonTest2/JustAXCGLoggerWithLogonTest2.entitlements;
				CODE_SIGN_STYLE = Automatic;
				COMBINE_HIDPI_IMAGES = YES;
				CURRENT_PROJECT_VERSION = 02.03.24C208;
				DEVELOPMENT_ASSET_PATHS = "\"JustAXCGLoggerWithLogonTest2/Preview Content\"";
				DEVELOPMENT_TEAM = J434W9VGHF;
				ENABLE_HARDENED_RUNTIME = YES;
				ENABLE_PREVIEWS = YES;
				GENERATE_INFOPLIST_FILE = YES;
				INFOPLIST_KEY_CFBundleDisplayName = JustAXCGLoggerWithLogonTest2;
				INFOPLIST_KEY_NSHumanReadableCopyright = "";
				LD_RUNPATH_SEARCH_PATHS = (
					"$(inherited)",
					"@executable_path/../Frameworks",
				);
				MARKETING_VERSION = 1.01;
				PRODUCT_BUNDLE_IDENTIFIER = net.justmacapps.JustAXCGLoggerWithLogonTest2;
				PRODUCT_NAME = "$(TARGET_NAME)";
				SWIFT_EMIT_LOC_STRINGS = YES;
				SWIFT_VERSION = 5.0;
			};
			name = Debug;
		};
		F028C5BE2C48610B007C459E /* Release */ = {
			isa = XCBuildConfiguration;
			buildSettings = {
				ASSETCATALOG_COMPILER_APPICON_NAME = AppIcon;
				ASSETCATALOG_COMPILER_GLOBAL_ACCENT_COLOR_NAME = AccentColor;
				CODE_SIGN_ENTITLEMENTS = JustAXCGLoggerWithLogonTest2/JustAXCGLoggerWithLogonTest2.entitlements;
				CODE_SIGN_STYLE = Automatic;
				COMBINE_HIDPI_IMAGES = YES;
				CURRENT_PROJECT_VERSION = 02.03.24C208;
				DEVELOPMENT_ASSET_PATHS = "\"JustAXCGLoggerWithLogonTest2/Preview Content\"";
				DEVELOPMENT_TEAM = J434W9VGHF;
				ENABLE_HARDENED_RUNTIME = YES;
				ENABLE_PREVIEWS = YES;
				GENERATE_INFOPLIST_FILE = YES;
				INFOPLIST_KEY_CFBundleDisplayName = JustAXCGLoggerWithLogonTest2;
				INFOPLIST_KEY_NSHumanReadableCopyright = "";
				LD_RUNPATH_SEARCH_PATHS = (
					"$(inherited)",
					"@executable_path/../Frameworks",
				);
				MARKETING_VERSION = 1.01;
				PRODUCT_BUNDLE_IDENTIFIER = net.justmacapps.JustAXCGLoggerWithLogonTest2;
				PRODUCT_NAME = "$(TARGET_NAME)";
				SWIFT_EMIT_LOC_STRINGS = YES;
				SWIFT_VERSION = 5.0;
			};
			name = Release;
		};
/* End XCBuildConfiguration section */

/* Begin XCConfigurationList section */
		F028C5A82C486109007C459E /* Build configuration list for PBXProject "JustAXCGLoggerWithLogonTest2" */ = {
			isa = XCConfigurationList;
			buildConfigurations = (
				F028C5BA2C48610B007C459E /* Debug */,
				F028C5BB2C48610B007C459E /* Release */,
			);
			defaultConfigurationIsVisible = 0;
			defaultConfigurationName = Release;
		};
		F028C5BC2C48610B007C459E /* Build configuration list for PBXNativeTarget "JustAXCGLoggerWithLogonTest2" */ = {
			isa = XCConfigurationList;
			buildConfigurations = (
				F028C5BD2C48610B007C459E /* Debug */,
				F028C5BE2C48610B007C459E /* Release */,
			);
			defaultConfigurationIsVisible = 0;
			defaultConfigurationName = Release;
		};
/* End XCConfigurationList section */

/* Begin XCRemoteSwiftPackageReference section */
		F0C6A8FD2C4AA2A40004606A /* XCRemoteSwiftPackageReference "XCGLogger" */ = {
			isa = XCRemoteSwiftPackageReference;
			repositoryURL = "https://github.com/DaveWoodCom/XCGLogger";
			requirement = {
				kind = upToNextMajorVersion;
				minimumVersion = 7.1.5;
			};
		};
/* End XCRemoteSwiftPackageReference section */

/* Begin XCSwiftPackageProductDependency section */
		F0C6A8FE2C4AA2A40004606A /* ObjcExceptionBridging */ = {
			isa = XCSwiftPackageProductDependency;
			package = F0C6A8FD2C4AA2A40004606A /* XCRemoteSwiftPackageReference "XCGLogger" */;
			productName = ObjcExceptionBridging;
		};
		F0C6A9002C4AA2A40004606A /* XCGLogger */ = {
			isa = XCSwiftPackageProductDependency;
			package = F0C6A8FD2C4AA2A40004606A /* XCRemoteSwiftPackageReference "XCGLogger" */;
			productName = XCGLogger;
		};
/* End XCSwiftPackageProductDependency section */
	};
	rootObject = F028C5A52C486109007C459E /* Project object */;
}
